
Microsoft Visual Studio Solution File, Format Version 12.00
# 
Project("{2150E333-8FDC-42A3-9474-1A3956D46DE8}") = "src", "src", "{225A5730-3D4A-4BF5-93AF-162003C3AA03}"
EndProject
Project("{2150E333-8FDC-42A3-9474-1A3956D46DE8}") = "UserService", "UserService", "{61944129-64E4-4B8B-912A-C2C0358A64F7}"
EndProject
Project("{2150E333-8FDC-42A3-9474-1A3956D46DE8}") = "src", "src", "{4D65CE2D-D349-4C69-8655-7801BCCF1DEF}"
EndProject
Project("{FAE04EC0-301F-11D3-BF4B-00C04F79EFBC}") = "UserService.Api", "src\UserService\src\UserService.Api\UserService.Api.csproj", "{D1F82392-FFB1-49D9-8414-CAF4F34A1B38}"
EndProject
Project("{FAE04EC0-301F-11D3-BF4B-00C04F79EFBC}") = "UserService.Application", "src\UserService\src\UserService.Application\UserService.Application.csproj", "{928F6BFB-BC6F-4AF1-B3DE-092AD2D31605}"
EndProject
Project("{FAE04EC0-301F-11D3-BF4B-00C04F79EFBC}") = "UserService.Domain", "src\UserService\src\UserService.Domain\UserService.Domain.csproj", "{CF8ACE91-B4E8-47E8-AF8B-1ED7266D2A41}"
EndProject
Project("{FAE04EC0-301F-11D3-BF4B-00C04F79EFBC}") = "UserService.Infrastructure", "src\UserService\src\UserService.Infrastructure\UserService.Infrastructure.csproj", "{4FE655CE-E7E6-44AD-8F50-1EE83F636447}"
EndProject
Project("{2150E333-8FDC-42A3-9474-1A3956D46DE8}") = "tests", "tests", "{9458F62B-D1EC-4294-B6BB-976569208ABC}"
EndProject
Project("{FAE04EC0-301F-11D3-BF4B-00C04F79EFBC}") = "UserService.Tests", "src\UserService\tests\UserService.Tests\UserService.Tests.csproj", "{66C35181-4D35-43CF-87F1-E89E99FDC9B7}"
EndProject
Project("{2150E333-8FDC-42A3-9474-1A3956D46DE8}") = "FinanceService", "FinanceService", "{CDCF5535-987A-4179-B403-F4F9F0E2013E}"
EndProject
Project("{2150E333-8FDC-42A3-9474-1A3956D46DE8}") = "src", "src", "{FAE7783D-EE19-4B4E-BCA1-CCCEB0ED12B8}"
EndProject
Project("{FAE04EC0-301F-11D3-BF4B-00C04F79EFBC}") = "CurrencyService.Api", "src\FinanceService\src\CurrencyService.Api\CurrencyService.Api.csproj", "{E57A3D93-84A8-4BB5-8CD6-4444060F74DB}"
EndProject
Project("{FAE04EC0-301F-11D3-BF4B-00C04F79EFBC}") = "CurrencyService.Application", "src\FinanceService\src\CurrencyService.Application\CurrencyService.Application.csproj", "{3EE507F1-D7A4-41E9-8757-ADB06D81A755}"
EndProject
Project("{FAE04EC0-301F-11D3-BF4B-00C04F79EFBC}") = "CurrencyService.Domain", "src\FinanceService\src\CurrencyService.Domain\CurrencyService.Domain.csproj", "{62349AF2-FD70-4999-9D89-A4E22096CCC4}"
EndProject
Project("{FAE04EC0-301F-11D3-BF4B-00C04F79EFBC}") = "CurrencyService.Infrastructure", "src\FinanceService\src\CurrencyService.Infrastructure\CurrencyService.Infrastructure.csproj", "{69879927-F79C-4B51-8585-A9D8306E60F9}"
EndProject
Project("{2150E333-8FDC-42A3-9474-1A3956D46DE8}") = "tests", "tests", "{9542F530-999D-4A11-8834-B50E7D4057E5}"
EndProject
Project("{FAE04EC0-301F-11D3-BF4B-00C04F79EFBC}") = "CurrencyService.Tests", "src\FinanceService\tests\CurrencyService.Tests\CurrencyService.Tests.csproj", "{08D6B838-53A0-4EA6-9DDB-13FC529B0E98}"
EndProject
Project("{FAE04EC0-301F-11D3-BF4B-00C04F79EFBC}") = "BackgroundWorker", "src\BackgroundWorker\BackgroundWorker.csproj", "{EEB9FDF6-59AB-44E3-B8F6-E8815A3BBAB8}"
EndProject
Project("{FAE04EC0-301F-11D3-BF4B-00C04F79EFBC}") = "MigrationsService", "src\MigrationsService\MigrationsService.csproj", "{DE85918B-9A94-431F-85C3-57DCD15F8914}"
EndProject
Project("{FAE04EC0-301F-11D3-BF4B-00C04F79EFBC}") = "ApiGateway", "src\ApiGateway\ApiGateway.csproj", "{2009569E-B6FE-4DCC-B5DC-8EFB9BA614DA}"
EndProject
Project("{2150E333-8FDC-42A3-9474-1A3956D46DE8}") = "tests", "tests", "{B77BCC0D-9C19-4764-9223-511339CE3C19}"
EndProject
Project("{FAE04EC0-301F-11D3-BF4B-00C04F79EFBC}") = "IntegrationTests", "tests\Integration\IntegrationTests.csproj", "{811C507B-16B3-4BC7-8EF3-ED06AA78A9D2}"
EndProject
Project("{FAE04EC0-301F-11D3-BF4B-00C04F79EFBC}") = "Shared", "src\Shared\Shared.csproj", "{26F27079-DF41-4CFD-98A6-5CDB446A02D4}"
EndProject
Global
	GlobalSection(SolutionConfigurationPlatforms) = preSolution
		Debug|Any CPU = Debug|Any CPU
		Release|Any CPU = Release|Any CPU
	EndGlobalSection
	GlobalSection(ProjectConfigurationPlatforms) = postSolution
		{D1F82392-FFB1-49D9-8414-CAF4F34A1B38}.Debug|Any CPU.ActiveCfg = Debug|Any CPU
		{D1F82392-FFB1-49D9-8414-CAF4F34A1B38}.Debug|Any CPU.Build.0 = Debug|Any CPU
		{D1F82392-FFB1-49D9-8414-CAF4F34A1B38}.Release|Any CPU.ActiveCfg = Release|Any CPU
		{D1F82392-FFB1-49D9-8414-CAF4F34A1B38}.Release|Any CPU.Build.0 = Release|Any CPU
		{928F6BFB-BC6F-4AF1-B3DE-092AD2D31605}.Debug|Any CPU.ActiveCfg = Debug|Any CPU
		{928F6BFB-BC6F-4AF1-B3DE-092AD2D31605}.Debug|Any CPU.Build.0 = Debug|Any CPU
		{928F6BFB-BC6F-4AF1-B3DE-092AD2D31605}.Release|Any CPU.ActiveCfg = Release|Any CPU
		{928F6BFB-BC6F-4AF1-B3DE-092AD2D31605}.Release|Any CPU.Build.0 = Release|Any CPU
		{CF8ACE91-B4E8-47E8-AF8B-1ED7266D2A41}.Debug|Any CPU.ActiveCfg = Debug|Any CPU
		{CF8ACE91-B4E8-47E8-AF8B-1ED7266D2A41}.Debug|Any CPU.Build.0 = Debug|Any CPU
		{CF8ACE91-B4E8-47E8-AF8B-1ED7266D2A41}.Release|Any CPU.ActiveCfg = Release|Any CPU
		{CF8ACE91-B4E8-47E8-AF8B-1ED7266D2A41}.Release|Any CPU.Build.0 = Release|Any CPU
		{4FE655CE-E7E6-44AD-8F50-1EE83F636447}.Debug|Any CPU.ActiveCfg = Debug|Any CPU
		{4FE655CE-E7E6-44AD-8F50-1EE83F636447}.Debug|Any CPU.Build.0 = Debug|Any CPU
		{4FE655CE-E7E6-44AD-8F50-1EE83F636447}.Release|Any CPU.ActiveCfg = Release|Any CPU
		{4FE655CE-E7E6-44AD-8F50-1EE83F636447}.Release|Any CPU.Build.0 = Release|Any CPU
		{66C35181-4D35-43CF-87F1-E89E99FDC9B7}.Debug|Any CPU.ActiveCfg = Debug|Any CPU
		{66C35181-4D35-43CF-87F1-E89E99FDC9B7}.Debug|Any CPU.Build.0 = Debug|Any CPU
		{66C35181-4D35-43CF-87F1-E89E99FDC9B7}.Release|Any CPU.ActiveCfg = Release|Any CPU
		{66C35181-4D35-43CF-87F1-E89E99FDC9B7}.Release|Any CPU.Build.0 = Release|Any CPU
		{E57A3D93-84A8-4BB5-8CD6-4444060F74DB}.Debug|Any CPU.ActiveCfg = Debug|Any CPU
		{E57A3D93-84A8-4BB5-8CD6-4444060F74DB}.Debug|Any CPU.Build.0 = Debug|Any CPU
		{E57A3D93-84A8-4BB5-8CD6-4444060F74DB}.Release|Any CPU.ActiveCfg = Release|Any CPU
		{E57A3D93-84A8-4BB5-8CD6-4444060F74DB}.Release|Any CPU.Build.0 = Release|Any CPU
		{3EE507F1-D7A4-41E9-8757-ADB06D81A755}.Debug|Any CPU.ActiveCfg = Debug|Any CPU
		{3EE507F1-D7A4-41E9-8757-ADB06D81A755}.Debug|Any CPU.Build.0 = Debug|Any CPU
		{3EE507F1-D7A4-41E9-8757-ADB06D81A755}.Release|Any CPU.ActiveCfg = Release|Any CPU
		{3EE507F1-D7A4-41E9-8757-ADB06D81A755}.Release|Any CPU.Build.0 = Release|Any CPU
		{62349AF2-FD70-4999-9D89-A4E22096CCC4}.Debug|Any CPU.ActiveCfg = Debug|Any CPU
		{62349AF2-FD70-4999-9D89-A4E22096CCC4}.Debug|Any CPU.Build.0 = Debug|Any CPU
		{62349AF2-FD70-4999-9D89-A4E22096CCC4}.Release|Any CPU.ActiveCfg = Release|Any CPU
		{62349AF2-FD70-4999-9D89-A4E22096CCC4}.Release|Any CPU.Build.0 = Release|Any CPU
		{69879927-F79C-4B51-8585-A9D8306E60F9}.Debug|Any CPU.ActiveCfg = Debug|Any CPU
		{69879927-F79C-4B51-8585-A9D8306E60F9}.Debug|Any CPU.Build.0 = Debug|Any CPU
		{69879927-F79C-4B51-8585-A9D8306E60F9}.Release|Any CPU.ActiveCfg = Release|Any CPU
		{69879927-F79C-4B51-8585-A9D8306E60F9}.Release|Any CPU.Build.0 = Release|Any CPU
		{08D6B838-53A0-4EA6-9DDB-13FC529B0E98}.Debug|Any CPU.ActiveCfg = Debug|Any CPU
		{08D6B838-53A0-4EA6-9DDB-13FC529B0E98}.Debug|Any CPU.Build.0 = Debug|Any CPU
		{08D6B838-53A0-4EA6-9DDB-13FC529B0E98}.Release|Any CPU.ActiveCfg = Release|Any CPU
		{08D6B838-53A0-4EA6-9DDB-13FC529B0E98}.Release|Any CPU.Build.0 = Release|Any CPU
		{EEB9FDF6-59AB-44E3-B8F6-E8815A3BBAB8}.Debug|Any CPU.ActiveCfg = Debug|Any CPU
		{EEB9FDF6-59AB-44E3-B8F6-E8815A3BBAB8}.Debug|Any CPU.Build.0 = Debug|Any CPU
		{EEB9FDF6-59AB-44E3-B8F6-E8815A3BBAB8}.Release|Any CPU.ActiveCfg = Release|Any CPU
		{EEB9FDF6-59AB-44E3-B8F6-E8815A3BBAB8}.Release|Any CPU.Build.0 = Release|Any CPU
		{DE85918B-9A94-431F-85C3-57DCD15F8914}.Debug|Any CPU.ActiveCfg = Debug|Any CPU
		{DE85918B-9A94-431F-85C3-57DCD15F8914}.Debug|Any CPU.Build.0 = Debug|Any CPU
		{DE85918B-9A94-431F-85C3-57DCD15F8914}.Release|Any CPU.ActiveCfg = Release|Any CPU
		{DE85918B-9A94-431F-85C3-57DCD15F8914}.Release|Any CPU.Build.0 = Release|Any CPU
		{2009569E-B6FE-4DCC-B5DC-8EFB9BA614DA}.Debug|Any CPU.ActiveCfg = Debug|Any CPU
		{2009569E-B6FE-4DCC-B5DC-8EFB9BA614DA}.Debug|Any CPU.Build.0 = Debug|Any CPU
		{2009569E-B6FE-4DCC-B5DC-8EFB9BA614DA}.Release|Any CPU.ActiveCfg = Release|Any CPU
		{2009569E-B6FE-4DCC-B5DC-8EFB9BA614DA}.Release|Any CPU.Build.0 = Release|Any CPU
		{811C507B-16B3-4BC7-8EF3-ED06AA78A9D2}.Debug|Any CPU.ActiveCfg = Debug|Any CPU
		{811C507B-16B3-4BC7-8EF3-ED06AA78A9D2}.Debug|Any CPU.Build.0 = Debug|Any CPU
		{811C507B-16B3-4BC7-8EF3-ED06AA78A9D2}.Release|Any CPU.ActiveCfg = Release|Any CPU
		{811C507B-16B3-4BC7-8EF3-ED06AA78A9D2}.Release|Any CPU.Build.0 = Release|Any CPU
		{26F27079-DF41-4CFD-98A6-5CDB446A02D4}.Debug|Any CPU.ActiveCfg = Debug|Any CPU
		{26F27079-DF41-4CFD-98A6-5CDB446A02D4}.Debug|Any CPU.Build.0 = Debug|Any CPU
		{26F27079-DF41-4CFD-98A6-5CDB446A02D4}.Release|Any CPU.ActiveCfg = Release|Any CPU
		{26F27079-DF41-4CFD-98A6-5CDB446A02D4}.Release|Any CPU.Build.0 = Release|Any CPU
	EndGlobalSection
	GlobalSection(NestedProjects) = preSolution
		{61944129-64E4-4B8B-912A-C2C0358A64F7} = {225A5730-3D4A-4BF5-93AF-162003C3AA03}
		{4D65CE2D-D349-4C69-8655-7801BCCF1DEF} = {61944129-64E4-4B8B-912A-C2C0358A64F7}
		{D1F82392-FFB1-49D9-8414-CAF4F34A1B38} = {4D65CE2D-D349-4C69-8655-7801BCCF1DEF}
		{928F6BFB-BC6F-4AF1-B3DE-092AD2D31605} = {4D65CE2D-D349-4C69-8655-7801BCCF1DEF}
		{CF8ACE91-B4E8-47E8-AF8B-1ED7266D2A41} = {4D65CE2D-D349-4C69-8655-7801BCCF1DEF}
		{4FE655CE-E7E6-44AD-8F50-1EE83F636447} = {4D65CE2D-D349-4C69-8655-7801BCCF1DEF}
		{9458F62B-D1EC-4294-B6BB-976569208ABC} = {61944129-64E4-4B8B-912A-C2C0358A64F7}
		{66C35181-4D35-43CF-87F1-E89E99FDC9B7} = {9458F62B-D1EC-4294-B6BB-976569208ABC}
		{CDCF5535-987A-4179-B403-F4F9F0E2013E} = {225A5730-3D4A-4BF5-93AF-162003C3AA03}
		{FAE7783D-EE19-4B4E-BCA1-CCCEB0ED12B8} = {CDCF5535-987A-4179-B403-F4F9F0E2013E}
		{E57A3D93-84A8-4BB5-8CD6-4444060F74DB} = {FAE7783D-EE19-4B4E-BCA1-CCCEB0ED12B8}
		{3EE507F1-D7A4-41E9-8757-ADB06D81A755} = {FAE7783D-EE19-4B4E-BCA1-CCCEB0ED12B8}
		{62349AF2-FD70-4999-9D89-A4E22096CCC4} = {FAE7783D-EE19-4B4E-BCA1-CCCEB0ED12B8}
		{69879927-F79C-4B51-8585-A9D8306E60F9} = {FAE7783D-EE19-4B4E-BCA1-CCCEB0ED12B8}
		{9542F530-999D-4A11-8834-B50E7D4057E5} = {CDCF5535-987A-4179-B403-F4F9F0E2013E}
		{08D6B838-53A0-4EA6-9DDB-13FC529B0E98} = {9542F530-999D-4A11-8834-B50E7D4057E5}
		{EEB9FDF6-59AB-44E3-B8F6-E8815A3BBAB8} = {225A5730-3D4A-4BF5-93AF-162003C3AA03}
		{DE85918B-9A94-431F-85C3-57DCD15F8914} = {225A5730-3D4A-4BF5-93AF-162003C3AA03}
		{2009569E-B6FE-4DCC-B5DC-8EFB9BA614DA} = {225A5730-3D4A-4BF5-93AF-162003C3AA03}
		{811C507B-16B3-4BC7-8EF3-ED06AA78A9D2} = {B77BCC0D-9C19-4764-9223-511339CE3C19}
		{26F27079-DF41-4CFD-98A6-5CDB446A02D4} = {225A5730-3D4A-4BF5-93AF-162003C3AA03}
	EndGlobalSection
EndGlobal
